dependencies:
- name: prometheus-operator-crds
  repository: https://prometheus-community.github.io/helm-charts
  version: 19.0.0
- name: grafana-operator
  repository: https://grafana.github.io/helm-charts
  version: v5.16.0
digest: sha256:e4533fb6711cfea9188a02817a8a50ed501c0ea77cf4601699d04d2bf57073a4
generated: "2025-03-16T02:15:54.911946583Z"
